{
  "name": "elodarrofirst",
  "version": "1.1.0",
  "lockfileVersion": 1,
  "requires": true,
  "dependencies": {
    "elodarroin": {
      "version": "1.0.0",
      "resolved": "https://registry.npmjs.org/elodarroin/-/elodarroin-1.0.0.tgz",
      "integrity": "sha512-XXNv9fC4ubrxhJxVoaWupQUqlb5fz5diTHavP4t5mtuv5Yj8oCyjiT9GaGBPrYsTywVcvSIXZ8/1MlrCnerpqg=="
    }
  }
}
